
Microsoft Visual Studio Solution File, Format Version 12.00
# Visual Studio Version 17
VisualStudioVersion = 17.12.35527.113 d17.12
MinimumVisualStudioVersion = 10.0.40219.1
Project("{FAE04EC0-301F-11D3-BF4B-00C04F79EFBC}") = "9. ul", "9. ul\9. ul.csproj", "{CBCAB017-5B3B-4EC7-852E-E42E6484127A}"
EndProject
Global
	GlobalSection(SolutionConfigurationPlatforms) = preSolution
		Debug|Any CPU = Debug|Any CPU
		Release|Any CPU = Release|Any CPU
	EndGlobalSection
	GlobalSection(ProjectConfigurationPlatforms) = postSolution
		{CBCAB017-5B3B-4EC7-852E-E42E6484127A}.Debug|Any CPU.ActiveCfg = Debug|Any CPU
		{CBCAB017-5B3B-4EC7-852E-E42E6484127A}.Debug|Any CPU.Build.0 = Debug|Any CPU
		{CBCAB017-5B3B-4EC7-852E-E42E6484127A}.Release|Any CPU.ActiveCfg = Release|Any CPU
		{CBCAB017-5B3B-4EC7-852E-E42E6484127A}.Release|Any CPU.Build.0 = Release|Any CPU
	EndGlobalSection
	GlobalSection(SolutionProperties) = preSolution
		HideSolutionNode = FALSE
	EndGlobalSection
EndGlobal
