
Microsoft Visual Studio Solution File, Format Version 12.00
# Visual Studio Version 17
VisualStudioVersion = 17.14.36623.8 d17.14
MinimumVisualStudioVersion = 10.0.40219.1
Project("{FAE04EC0-301F-11D3-BF4B-00C04F79EFBC}") = "SmartBudget", "SmartBudget.csproj", "{11EA0D57-C760-4D9D-B2DD-05E688017696}"
EndProject
Global
	GlobalSection(SolutionConfigurationPlatforms) = preSolution
		Debug|Any CPU = Debug|Any CPU
		Release|Any CPU = Release|Any CPU
	EndGlobalSection
	GlobalSection(ProjectConfigurationPlatforms) = postSolution
		{11EA0D57-C760-4D9D-B2DD-05E688017696}.Debug|Any CPU.ActiveCfg = Debug|Any CPU
		{11EA0D57-C760-4D9D-B2DD-05E688017696}.Debug|Any CPU.Build.0 = Debug|Any CPU
		{11EA0D57-C760-4D9D-B2DD-05E688017696}.Release|Any CPU.ActiveCfg = Release|Any CPU
		{11EA0D57-C760-4D9D-B2DD-05E688017696}.Release|Any CPU.Build.0 = Release|Any CPU
	EndGlobalSection
	GlobalSection(SolutionProperties) = preSolution
		HideSolutionNode = FALSE
	EndGlobalSection
	GlobalSection(ExtensibilityGlobals) = postSolution
		SolutionGuid = {04FB079F-95CB-4F58-851B-7FE278320FB5}
	EndGlobalSection
EndGlobal
